
Microsoft Visual Studio Solution File, Format Version 12.00
# Visual Studio Version 17
VisualStudioVersion = 17.4.33110.190
MinimumVisualStudioVersion = 10.0.40219.1
Project("{FAE04EC0-301F-11D3-BF4B-00C04F79EFBC}") = "Modul6_Kel33", "Modul6_Kel33\Modul6_Kel33.csproj", "{ACB6DD54-9755-41E4-97DF-FEACC1EFF9B5}"
EndProject
Global
	GlobalSection(SolutionConfigurationPlatforms) = preSolution
		Debug|Any CPU = Debug|Any CPU
		Release|Any CPU = Release|Any CPU
	EndGlobalSection
	GlobalSection(ProjectConfigurationPlatforms) = postSolution
		{ACB6DD54-9755-41E4-97DF-FEACC1EFF9B5}.Debug|Any CPU.ActiveCfg = Debug|Any CPU
		{ACB6DD54-9755-41E4-97DF-FEACC1EFF9B5}.Debug|Any CPU.Build.0 = Debug|Any CPU
		{ACB6DD54-9755-41E4-97DF-FEACC1EFF9B5}.Release|Any CPU.ActiveCfg = Release|Any CPU
		{ACB6DD54-9755-41E4-97DF-FEACC1EFF9B5}.Release|Any CPU.Build.0 = Release|Any CPU
	EndGlobalSection
	GlobalSection(SolutionProperties) = preSolution
		HideSolutionNode = FALSE
	EndGlobalSection
	GlobalSection(ExtensibilityGlobals) = postSolution
		SolutionGuid = {E5E08E6F-240A-447A-A631-758E62CF05AD}
	EndGlobalSection
EndGlobal
